
Microsoft Visual Studio Solution File, Format Version 12.00
# Visual Studio Version 16
VisualStudioVersion = 16.0.31205.134
MinimumVisualStudioVersion = 10.0.40219.1
Project("{FAE04EC0-301F-11D3-BF4B-00C04F79EFBC}") = "Snake", "Snake.csproj", "{037FA43C-F00B-47A3-A18B-94863A8344C3}"
EndProject
Global
	GlobalSection(SolutionConfigurationPlatforms) = preSolution
		Debug|Any CPU = Debug|Any CPU
		Release|Any CPU = Release|Any CPU
	EndGlobalSection
	GlobalSection(ProjectConfigurationPlatforms) = postSolution
		{037FA43C-F00B-47A3-A18B-94863A8344C3}.Debug|Any CPU.ActiveCfg = Debug|Any CPU
		{037FA43C-F00B-47A3-A18B-94863A8344C3}.Debug|Any CPU.Build.0 = Debug|Any CPU
		{037FA43C-F00B-47A3-A18B-94863A8344C3}.Release|Any CPU.ActiveCfg = Release|Any CPU
		{037FA43C-F00B-47A3-A18B-94863A8344C3}.Release|Any CPU.Build.0 = Release|Any CPU
	EndGlobalSection
	GlobalSection(SolutionProperties) = preSolution
		HideSolutionNode = FALSE
	EndGlobalSection
	GlobalSection(ExtensibilityGlobals) = postSolution
		SolutionGuid = {60025B9B-71BD-4603-A435-716876BF18AE}
	EndGlobalSection
EndGlobal
